
Microsoft Visual Studio Solution File, Format Version 12.00
# Visual Studio Version 17
VisualStudioVersion = 17.13.35825.156 d17.13
MinimumVisualStudioVersion = 10.0.40219.1
Project("{FAE04EC0-301F-11D3-BF4B-00C04F79EFBC}") = "EntradaDeDados", "EntradaDeDados\EntradaDeDados.csproj", "{2BC070F1-F129-46C4-87F6-48D348EA0751}"
EndProject
Global
	GlobalSection(SolutionConfigurationPlatforms) = preSolution
		Debug|Any CPU = Debug|Any CPU
		Release|Any CPU = Release|Any CPU
	EndGlobalSection
	GlobalSection(ProjectConfigurationPlatforms) = postSolution
		{2BC070F1-F129-46C4-87F6-48D348EA0751}.Debug|Any CPU.ActiveCfg = Debug|Any CPU
		{2BC070F1-F129-46C4-87F6-48D348EA0751}.Debug|Any CPU.Build.0 = Debug|Any CPU
		{2BC070F1-F129-46C4-87F6-48D348EA0751}.Release|Any CPU.ActiveCfg = Release|Any CPU
		{2BC070F1-F129-46C4-87F6-48D348EA0751}.Release|Any CPU.Build.0 = Release|Any CPU
	EndGlobalSection
	GlobalSection(SolutionProperties) = preSolution
		HideSolutionNode = FALSE
	EndGlobalSection
	GlobalSection(ExtensibilityGlobals) = postSolution
		SolutionGuid = {8DE2D30C-7AD0-48D5-9054-98248DAC31F6}
	EndGlobalSection
EndGlobal
