
Microsoft Visual Studio Solution File, Format Version 12.00
# Visual Studio Version 17
VisualStudioVersion = 17.13.35825.156 d17.13
MinimumVisualStudioVersion = 10.0.40219.1
Project("{FAE04EC0-301F-11D3-BF4B-00C04F79EFBC}") = "path", "path\path.csproj", "{C1A705A5-796B-43FB-8896-369A11D988D8}"
EndProject
Global
	GlobalSection(SolutionConfigurationPlatforms) = preSolution
		Debug|Any CPU = Debug|Any CPU
		Release|Any CPU = Release|Any CPU
	EndGlobalSection
	GlobalSection(ProjectConfigurationPlatforms) = postSolution
		{C1A705A5-796B-43FB-8896-369A11D988D8}.Debug|Any CPU.ActiveCfg = Debug|Any CPU
		{C1A705A5-796B-43FB-8896-369A11D988D8}.Debug|Any CPU.Build.0 = Debug|Any CPU
		{C1A705A5-796B-43FB-8896-369A11D988D8}.Release|Any CPU.ActiveCfg = Release|Any CPU
		{C1A705A5-796B-43FB-8896-369A11D988D8}.Release|Any CPU.Build.0 = Release|Any CPU
	EndGlobalSection
	GlobalSection(SolutionProperties) = preSolution
		HideSolutionNode = FALSE
	EndGlobalSection
	GlobalSection(ExtensibilityGlobals) = postSolution
		SolutionGuid = {D341335A-DD9E-4860-8F68-CFF77B21D0CF}
	EndGlobalSection
EndGlobal
