
Microsoft Visual Studio Solution File, Format Version 12.00
# Visual Studio Version 17
VisualStudioVersion = 17.13.35825.156 d17.13
MinimumVisualStudioVersion = 10.0.40219.1
Project("{FAE04EC0-301F-11D3-BF4B-00C04F79EFBC}") = "Classe", "Classe\Classe.csproj", "{B2404503-A6DA-4D33-B2BD-7C5A7EE536F7}"
EndProject
Global
	GlobalSection(SolutionConfigurationPlatforms) = preSolution
		Debug|Any CPU = Debug|Any CPU
		Release|Any CPU = Release|Any CPU
	EndGlobalSection
	GlobalSection(ProjectConfigurationPlatforms) = postSolution
		{B2404503-A6DA-4D33-B2BD-7C5A7EE536F7}.Debug|Any CPU.ActiveCfg = Debug|Any CPU
		{B2404503-A6DA-4D33-B2BD-7C5A7EE536F7}.Debug|Any CPU.Build.0 = Debug|Any CPU
		{B2404503-A6DA-4D33-B2BD-7C5A7EE536F7}.Release|Any CPU.ActiveCfg = Release|Any CPU
		{B2404503-A6DA-4D33-B2BD-7C5A7EE536F7}.Release|Any CPU.Build.0 = Release|Any CPU
	EndGlobalSection
	GlobalSection(SolutionProperties) = preSolution
		HideSolutionNode = FALSE
	EndGlobalSection
	GlobalSection(ExtensibilityGlobals) = postSolution
		SolutionGuid = {46AEB6F7-8B8B-4CE2-93A9-68031C6EB366}
	EndGlobalSection
EndGlobal
