
Microsoft Visual Studio Solution File, Format Version 12.00
# Visual Studio Version 17
VisualStudioVersion = 17.13.35825.156 d17.13
MinimumVisualStudioVersion = 10.0.40219.1
Project("{FAE04EC0-301F-11D3-BF4B-00C04F79EFBC}") = "Lista", "Lista\Lista.csproj", "{BEA14C61-3E04-4B71-A568-03AA6C303438}"
EndProject
Global
	GlobalSection(SolutionConfigurationPlatforms) = preSolution
		Debug|Any CPU = Debug|Any CPU
		Release|Any CPU = Release|Any CPU
	EndGlobalSection
	GlobalSection(ProjectConfigurationPlatforms) = postSolution
		{BEA14C61-3E04-4B71-A568-03AA6C303438}.Debug|Any CPU.ActiveCfg = Debug|Any CPU
		{BEA14C61-3E04-4B71-A568-03AA6C303438}.Debug|Any CPU.Build.0 = Debug|Any CPU
		{BEA14C61-3E04-4B71-A568-03AA6C303438}.Release|Any CPU.ActiveCfg = Release|Any CPU
		{BEA14C61-3E04-4B71-A568-03AA6C303438}.Release|Any CPU.Build.0 = Release|Any CPU
	EndGlobalSection
	GlobalSection(SolutionProperties) = preSolution
		HideSolutionNode = FALSE
	EndGlobalSection
	GlobalSection(ExtensibilityGlobals) = postSolution
		SolutionGuid = {F0BF602D-C77E-426B-9461-C9744D7578C9}
	EndGlobalSection
EndGlobal
