
Microsoft Visual Studio Solution File, Format Version 12.00
# Visual Studio Version 17
VisualStudioVersion = 17.13.35825.156 d17.13
MinimumVisualStudioVersion = 10.0.40219.1
Project("{FAE04EC0-301F-11D3-BF4B-00C04F79EFBC}") = "operacoesComDateTime", "operacoesComDateTime\operacoesComDateTime.csproj", "{7C24897B-1426-4F2E-B992-A3541CFB182E}"
EndProject
Global
	GlobalSection(SolutionConfigurationPlatforms) = preSolution
		Debug|Any CPU = Debug|Any CPU
		Release|Any CPU = Release|Any CPU
	EndGlobalSection
	GlobalSection(ProjectConfigurationPlatforms) = postSolution
		{7C24897B-1426-4F2E-B992-A3541CFB182E}.Debug|Any CPU.ActiveCfg = Debug|Any CPU
		{7C24897B-1426-4F2E-B992-A3541CFB182E}.Debug|Any CPU.Build.0 = Debug|Any CPU
		{7C24897B-1426-4F2E-B992-A3541CFB182E}.Release|Any CPU.ActiveCfg = Release|Any CPU
		{7C24897B-1426-4F2E-B992-A3541CFB182E}.Release|Any CPU.Build.0 = Release|Any CPU
	EndGlobalSection
	GlobalSection(SolutionProperties) = preSolution
		HideSolutionNode = FALSE
	EndGlobalSection
	GlobalSection(ExtensibilityGlobals) = postSolution
		SolutionGuid = {E2C5C41B-1272-4BD2-8ED1-5CAF3B6DD438}
	EndGlobalSection
EndGlobal
