
Microsoft Visual Studio Solution File, Format Version 12.00
# Visual Studio Version 17
VisualStudioVersion = 17.13.35825.156 d17.13
MinimumVisualStudioVersion = 10.0.40219.1
Project("{FAE04EC0-301F-11D3-BF4B-00C04F79EFBC}") = "finally", "finally\finally.csproj", "{8E748175-5233-433C-AF38-4649A220F620}"
EndProject
Global
	GlobalSection(SolutionConfigurationPlatforms) = preSolution
		Debug|Any CPU = Debug|Any CPU
		Release|Any CPU = Release|Any CPU
	EndGlobalSection
	GlobalSection(ProjectConfigurationPlatforms) = postSolution
		{8E748175-5233-433C-AF38-4649A220F620}.Debug|Any CPU.ActiveCfg = Debug|Any CPU
		{8E748175-5233-433C-AF38-4649A220F620}.Debug|Any CPU.Build.0 = Debug|Any CPU
		{8E748175-5233-433C-AF38-4649A220F620}.Release|Any CPU.ActiveCfg = Release|Any CPU
		{8E748175-5233-433C-AF38-4649A220F620}.Release|Any CPU.Build.0 = Release|Any CPU
	EndGlobalSection
	GlobalSection(SolutionProperties) = preSolution
		HideSolutionNode = FALSE
	EndGlobalSection
	GlobalSection(ExtensibilityGlobals) = postSolution
		SolutionGuid = {12303A1F-7D46-4C9C-952D-764768FC6678}
	EndGlobalSection
EndGlobal
