
Microsoft Visual Studio Solution File, Format Version 12.00
# Visual Studio Version 17
VisualStudioVersion = 17.13.35825.156 d17.13
MinimumVisualStudioVersion = 10.0.40219.1
Project("{FAE04EC0-301F-11D3-BF4B-00C04F79EFBC}") = "Lista 2", "Lista 2\Lista 2.csproj", "{B3B0827E-EF7B-401F-B345-6A482095A6C7}"
EndProject
Global
	GlobalSection(SolutionConfigurationPlatforms) = preSolution
		Debug|Any CPU = Debug|Any CPU
		Release|Any CPU = Release|Any CPU
	EndGlobalSection
	GlobalSection(ProjectConfigurationPlatforms) = postSolution
		{B3B0827E-EF7B-401F-B345-6A482095A6C7}.Debug|Any CPU.ActiveCfg = Debug|Any CPU
		{B3B0827E-EF7B-401F-B345-6A482095A6C7}.Debug|Any CPU.Build.0 = Debug|Any CPU
		{B3B0827E-EF7B-401F-B345-6A482095A6C7}.Release|Any CPU.ActiveCfg = Release|Any CPU
		{B3B0827E-EF7B-401F-B345-6A482095A6C7}.Release|Any CPU.Build.0 = Release|Any CPU
	EndGlobalSection
	GlobalSection(SolutionProperties) = preSolution
		HideSolutionNode = FALSE
	EndGlobalSection
	GlobalSection(ExtensibilityGlobals) = postSolution
		SolutionGuid = {C5881507-4E5B-4DB2-8A7C-DFCC16DD1CB8}
	EndGlobalSection
EndGlobal
