
Microsoft Visual Studio Solution File, Format Version 12.00
# Visual Studio Version 17
VisualStudioVersion = 17.13.35825.156 d17.13
MinimumVisualStudioVersion = 10.0.40219.1
Project("{FAE04EC0-301F-11D3-BF4B-00C04F79EFBC}") = "Exercicio05IfElse", "Exercicio05IfElse\Exercicio05IfElse.csproj", "{B3779A51-CB41-4E56-B277-6DBA52EE0223}"
EndProject
Global
	GlobalSection(SolutionConfigurationPlatforms) = preSolution
		Debug|Any CPU = Debug|Any CPU
		Release|Any CPU = Release|Any CPU
	EndGlobalSection
	GlobalSection(ProjectConfigurationPlatforms) = postSolution
		{B3779A51-CB41-4E56-B277-6DBA52EE0223}.Debug|Any CPU.ActiveCfg = Debug|Any CPU
		{B3779A51-CB41-4E56-B277-6DBA52EE0223}.Debug|Any CPU.Build.0 = Debug|Any CPU
		{B3779A51-CB41-4E56-B277-6DBA52EE0223}.Release|Any CPU.ActiveCfg = Release|Any CPU
		{B3779A51-CB41-4E56-B277-6DBA52EE0223}.Release|Any CPU.Build.0 = Release|Any CPU
	EndGlobalSection
	GlobalSection(SolutionProperties) = preSolution
		HideSolutionNode = FALSE
	EndGlobalSection
	GlobalSection(ExtensibilityGlobals) = postSolution
		SolutionGuid = {B4DB65AF-FB2F-4700-A634-AEB9543B281D}
	EndGlobalSection
EndGlobal
