
Microsoft Visual Studio Solution File, Format Version 12.00
# Visual Studio Version 17
VisualStudioVersion = 17.13.35825.156 d17.13
MinimumVisualStudioVersion = 10.0.40219.1
Project("{FAE04EC0-301F-11D3-BF4B-00C04F79EFBC}") = "Exercicio03IfElse", "Exercicio03IfElse\Exercicio03IfElse.csproj", "{C4F916A4-982F-4769-B6D3-9F89C2C1D177}"
EndProject
Global
	GlobalSection(SolutionConfigurationPlatforms) = preSolution
		Debug|Any CPU = Debug|Any CPU
		Release|Any CPU = Release|Any CPU
	EndGlobalSection
	GlobalSection(ProjectConfigurationPlatforms) = postSolution
		{C4F916A4-982F-4769-B6D3-9F89C2C1D177}.Debug|Any CPU.ActiveCfg = Debug|Any CPU
		{C4F916A4-982F-4769-B6D3-9F89C2C1D177}.Debug|Any CPU.Build.0 = Debug|Any CPU
		{C4F916A4-982F-4769-B6D3-9F89C2C1D177}.Release|Any CPU.ActiveCfg = Release|Any CPU
		{C4F916A4-982F-4769-B6D3-9F89C2C1D177}.Release|Any CPU.Build.0 = Release|Any CPU
	EndGlobalSection
	GlobalSection(SolutionProperties) = preSolution
		HideSolutionNode = FALSE
	EndGlobalSection
	GlobalSection(ExtensibilityGlobals) = postSolution
		SolutionGuid = {44816365-42FD-48A8-B604-A83A4D712E57}
	EndGlobalSection
EndGlobal
