
Microsoft Visual Studio Solution File, Format Version 12.00
# Visual Studio Version 17
VisualStudioVersion = 17.13.35825.156 d17.13
MinimumVisualStudioVersion = 10.0.40219.1
Project("{FAE04EC0-301F-11D3-BF4B-00C04F79EFBC}") = "exercicioImposto", "exercicioImposto\exercicioImposto.csproj", "{0BF4D449-BC8B-41D8-90BB-5A9347627EF0}"
EndProject
Global
	GlobalSection(SolutionConfigurationPlatforms) = preSolution
		Debug|Any CPU = Debug|Any CPU
		Release|Any CPU = Release|Any CPU
	EndGlobalSection
	GlobalSection(ProjectConfigurationPlatforms) = postSolution
		{0BF4D449-BC8B-41D8-90BB-5A9347627EF0}.Debug|Any CPU.ActiveCfg = Debug|Any CPU
		{0BF4D449-BC8B-41D8-90BB-5A9347627EF0}.Debug|Any CPU.Build.0 = Debug|Any CPU
		{0BF4D449-BC8B-41D8-90BB-5A9347627EF0}.Release|Any CPU.ActiveCfg = Release|Any CPU
		{0BF4D449-BC8B-41D8-90BB-5A9347627EF0}.Release|Any CPU.Build.0 = Release|Any CPU
	EndGlobalSection
	GlobalSection(SolutionProperties) = preSolution
		HideSolutionNode = FALSE
	EndGlobalSection
	GlobalSection(ExtensibilityGlobals) = postSolution
		SolutionGuid = {D8DDCAC6-BB41-47A2-AAF4-3C3D5BA1582E}
	EndGlobalSection
EndGlobal
