
Microsoft Visual Studio Solution File, Format Version 12.00
# Visual Studio Version 17
VisualStudioVersion = 17.13.35825.156 d17.13
MinimumVisualStudioVersion = 10.0.40219.1
Project("{FAE04EC0-301F-11D3-BF4B-00C04F79EFBC}") = "exemploHeranca2", "exemploHeranca2\exemploHeranca2.csproj", "{0213FB23-781C-43AF-B88C-4B7662775FC4}"
EndProject
Global
	GlobalSection(SolutionConfigurationPlatforms) = preSolution
		Debug|Any CPU = Debug|Any CPU
		Release|Any CPU = Release|Any CPU
	EndGlobalSection
	GlobalSection(ProjectConfigurationPlatforms) = postSolution
		{0213FB23-781C-43AF-B88C-4B7662775FC4}.Debug|Any CPU.ActiveCfg = Debug|Any CPU
		{0213FB23-781C-43AF-B88C-4B7662775FC4}.Debug|Any CPU.Build.0 = Debug|Any CPU
		{0213FB23-781C-43AF-B88C-4B7662775FC4}.Release|Any CPU.ActiveCfg = Release|Any CPU
		{0213FB23-781C-43AF-B88C-4B7662775FC4}.Release|Any CPU.Build.0 = Release|Any CPU
	EndGlobalSection
	GlobalSection(SolutionProperties) = preSolution
		HideSolutionNode = FALSE
	EndGlobalSection
	GlobalSection(ExtensibilityGlobals) = postSolution
		SolutionGuid = {18897EE0-2ED4-4F37-A601-DE99470A04C9}
	EndGlobalSection
EndGlobal
