
Microsoft Visual Studio Solution File, Format Version 12.00
# Visual Studio Version 17
VisualStudioVersion = 17.13.35825.156 d17.13
MinimumVisualStudioVersion = 10.0.40219.1
Project("{FAE04EC0-301F-11D3-BF4B-00C04F79EFBC}") = "Construtor Produto", "Construtor Produto\Construtor Produto.csproj", "{F76831E1-7606-464A-8DE1-CAFBCBF59F70}"
EndProject
Global
	GlobalSection(SolutionConfigurationPlatforms) = preSolution
		Debug|Any CPU = Debug|Any CPU
		Release|Any CPU = Release|Any CPU
	EndGlobalSection
	GlobalSection(ProjectConfigurationPlatforms) = postSolution
		{F76831E1-7606-464A-8DE1-CAFBCBF59F70}.Debug|Any CPU.ActiveCfg = Debug|Any CPU
		{F76831E1-7606-464A-8DE1-CAFBCBF59F70}.Debug|Any CPU.Build.0 = Debug|Any CPU
		{F76831E1-7606-464A-8DE1-CAFBCBF59F70}.Release|Any CPU.ActiveCfg = Release|Any CPU
		{F76831E1-7606-464A-8DE1-CAFBCBF59F70}.Release|Any CPU.Build.0 = Release|Any CPU
	EndGlobalSection
	GlobalSection(SolutionProperties) = preSolution
		HideSolutionNode = FALSE
	EndGlobalSection
	GlobalSection(ExtensibilityGlobals) = postSolution
		SolutionGuid = {56E50503-75BB-483C-9153-C5D2AF070EE4}
	EndGlobalSection
EndGlobal
