
Microsoft Visual Studio Solution File, Format Version 12.00
# Visual Studio Version 17
VisualStudioVersion = 17.13.35825.156 d17.13
MinimumVisualStudioVersion = 10.0.40219.1
Project("{FAE04EC0-301F-11D3-BF4B-00C04F79EFBC}") = "Exercicio06ifElse", "Exercicio06ifElse\Exercicio06ifElse.csproj", "{E7330CE1-6FB3-411A-959E-5EFC0E75B026}"
EndProject
Global
	GlobalSection(SolutionConfigurationPlatforms) = preSolution
		Debug|Any CPU = Debug|Any CPU
		Release|Any CPU = Release|Any CPU
	EndGlobalSection
	GlobalSection(ProjectConfigurationPlatforms) = postSolution
		{E7330CE1-6FB3-411A-959E-5EFC0E75B026}.Debug|Any CPU.ActiveCfg = Debug|Any CPU
		{E7330CE1-6FB3-411A-959E-5EFC0E75B026}.Debug|Any CPU.Build.0 = Debug|Any CPU
		{E7330CE1-6FB3-411A-959E-5EFC0E75B026}.Release|Any CPU.ActiveCfg = Release|Any CPU
		{E7330CE1-6FB3-411A-959E-5EFC0E75B026}.Release|Any CPU.Build.0 = Release|Any CPU
	EndGlobalSection
	GlobalSection(SolutionProperties) = preSolution
		HideSolutionNode = FALSE
	EndGlobalSection
	GlobalSection(ExtensibilityGlobals) = postSolution
		SolutionGuid = {9B9836C4-07D8-4BDF-BA3C-44B2CE7A1DDE}
	EndGlobalSection
EndGlobal
