
Microsoft Visual Studio Solution File, Format Version 12.00
# Visual Studio Version 17
VisualStudioVersion = 17.13.35825.156 d17.13
MinimumVisualStudioVersion = 10.0.40219.1
Project("{FAE04EC0-301F-11D3-BF4B-00C04F79EFBC}") = "Exeercicio02IfElse", "Exeercicio02IfElse\Exeercicio02IfElse.csproj", "{8CC58579-DC53-4D17-882A-79759EDC527B}"
EndProject
Global
	GlobalSection(SolutionConfigurationPlatforms) = preSolution
		Debug|Any CPU = Debug|Any CPU
		Release|Any CPU = Release|Any CPU
	EndGlobalSection
	GlobalSection(ProjectConfigurationPlatforms) = postSolution
		{8CC58579-DC53-4D17-882A-79759EDC527B}.Debug|Any CPU.ActiveCfg = Debug|Any CPU
		{8CC58579-DC53-4D17-882A-79759EDC527B}.Debug|Any CPU.Build.0 = Debug|Any CPU
		{8CC58579-DC53-4D17-882A-79759EDC527B}.Release|Any CPU.ActiveCfg = Release|Any CPU
		{8CC58579-DC53-4D17-882A-79759EDC527B}.Release|Any CPU.Build.0 = Release|Any CPU
	EndGlobalSection
	GlobalSection(SolutionProperties) = preSolution
		HideSolutionNode = FALSE
	EndGlobalSection
	GlobalSection(ExtensibilityGlobals) = postSolution
		SolutionGuid = {5B7592D0-C4E1-4097-8DF6-E2861C388B8C}
	EndGlobalSection
EndGlobal
