
Microsoft Visual Studio Solution File, Format Version 12.00
# Visual Studio Version 17
VisualStudioVersion = 17.13.35825.156 d17.13
MinimumVisualStudioVersion = 10.0.40219.1
Project("{FAE04EC0-301F-11D3-BF4B-00C04F79EFBC}") = "ExercicioLivro", "ExercicioLivro\ExercicioLivro.csproj", "{09807271-5BC2-46D4-85A0-349848BED308}"
EndProject
Global
	GlobalSection(SolutionConfigurationPlatforms) = preSolution
		Debug|Any CPU = Debug|Any CPU
		Release|Any CPU = Release|Any CPU
	EndGlobalSection
	GlobalSection(ProjectConfigurationPlatforms) = postSolution
		{09807271-5BC2-46D4-85A0-349848BED308}.Debug|Any CPU.ActiveCfg = Debug|Any CPU
		{09807271-5BC2-46D4-85A0-349848BED308}.Debug|Any CPU.Build.0 = Debug|Any CPU
		{09807271-5BC2-46D4-85A0-349848BED308}.Release|Any CPU.ActiveCfg = Release|Any CPU
		{09807271-5BC2-46D4-85A0-349848BED308}.Release|Any CPU.Build.0 = Release|Any CPU
	EndGlobalSection
	GlobalSection(SolutionProperties) = preSolution
		HideSolutionNode = FALSE
	EndGlobalSection
	GlobalSection(ExtensibilityGlobals) = postSolution
		SolutionGuid = {E02D1B99-28CC-46D4-BD33-01169760B23F}
	EndGlobalSection
EndGlobal
