
Microsoft Visual Studio Solution File, Format Version 12.00
# Visual Studio Version 17
VisualStudioVersion = 17.13.35825.156 d17.13
MinimumVisualStudioVersion = 10.0.40219.1
Project("{FAE04EC0-301F-11D3-BF4B-00C04F79EFBC}") = "Enumerações", "Enumerações\Enumerações.csproj", "{49DF29AE-D12A-400D-BA13-49AB0015C8B2}"
EndProject
Global
	GlobalSection(SolutionConfigurationPlatforms) = preSolution
		Debug|Any CPU = Debug|Any CPU
		Release|Any CPU = Release|Any CPU
	EndGlobalSection
	GlobalSection(ProjectConfigurationPlatforms) = postSolution
		{49DF29AE-D12A-400D-BA13-49AB0015C8B2}.Debug|Any CPU.ActiveCfg = Debug|Any CPU
		{49DF29AE-D12A-400D-BA13-49AB0015C8B2}.Debug|Any CPU.Build.0 = Debug|Any CPU
		{49DF29AE-D12A-400D-BA13-49AB0015C8B2}.Release|Any CPU.ActiveCfg = Release|Any CPU
		{49DF29AE-D12A-400D-BA13-49AB0015C8B2}.Release|Any CPU.Build.0 = Release|Any CPU
	EndGlobalSection
	GlobalSection(SolutionProperties) = preSolution
		HideSolutionNode = FALSE
	EndGlobalSection
	GlobalSection(ExtensibilityGlobals) = postSolution
		SolutionGuid = {C8EEE1AE-A173-4B82-A5A9-2DA59F1DE3F6}
	EndGlobalSection
EndGlobal
