
Microsoft Visual Studio Solution File, Format Version 12.00
# Visual Studio Version 17
VisualStudioVersion = 17.13.35825.156 d17.13
MinimumVisualStudioVersion = 10.0.40219.1
Project("{FAE04EC0-301F-11D3-BF4B-00C04F79EFBC}") = "Exercício01IfElse", "Exercício01IfElse\Exercício01IfElse.csproj", "{C0A47E95-4AB8-4BDD-BCD8-101D66F52946}"
EndProject
Global
	GlobalSection(SolutionConfigurationPlatforms) = preSolution
		Debug|Any CPU = Debug|Any CPU
		Release|Any CPU = Release|Any CPU
	EndGlobalSection
	GlobalSection(ProjectConfigurationPlatforms) = postSolution
		{C0A47E95-4AB8-4BDD-BCD8-101D66F52946}.Debug|Any CPU.ActiveCfg = Debug|Any CPU
		{C0A47E95-4AB8-4BDD-BCD8-101D66F52946}.Debug|Any CPU.Build.0 = Debug|Any CPU
		{C0A47E95-4AB8-4BDD-BCD8-101D66F52946}.Release|Any CPU.ActiveCfg = Release|Any CPU
		{C0A47E95-4AB8-4BDD-BCD8-101D66F52946}.Release|Any CPU.Build.0 = Release|Any CPU
	EndGlobalSection
	GlobalSection(SolutionProperties) = preSolution
		HideSolutionNode = FALSE
	EndGlobalSection
	GlobalSection(ExtensibilityGlobals) = postSolution
		SolutionGuid = {050D40C5-E204-43DD-B97A-C327156A3F6E}
	EndGlobalSection
EndGlobal
