
Microsoft Visual Studio Solution File, Format Version 12.00
# Visual Studio Version 17
VisualStudioVersion = 17.13.35825.156 d17.13
MinimumVisualStudioVersion = 10.0.40219.1
Project("{FAE04EC0-301F-11D3-BF4B-00C04F79EFBC}") = "dateTime", "dateTime\dateTime.csproj", "{6A9B1C49-4E97-4A0C-A15A-9B5AE14C3E56}"
EndProject
Global
	GlobalSection(SolutionConfigurationPlatforms) = preSolution
		Debug|Any CPU = Debug|Any CPU
		Release|Any CPU = Release|Any CPU
	EndGlobalSection
	GlobalSection(ProjectConfigurationPlatforms) = postSolution
		{6A9B1C49-4E97-4A0C-A15A-9B5AE14C3E56}.Debug|Any CPU.ActiveCfg = Debug|Any CPU
		{6A9B1C49-4E97-4A0C-A15A-9B5AE14C3E56}.Debug|Any CPU.Build.0 = Debug|Any CPU
		{6A9B1C49-4E97-4A0C-A15A-9B5AE14C3E56}.Release|Any CPU.ActiveCfg = Release|Any CPU
		{6A9B1C49-4E97-4A0C-A15A-9B5AE14C3E56}.Release|Any CPU.Build.0 = Release|Any CPU
	EndGlobalSection
	GlobalSection(SolutionProperties) = preSolution
		HideSolutionNode = FALSE
	EndGlobalSection
	GlobalSection(ExtensibilityGlobals) = postSolution
		SolutionGuid = {20776285-69BA-4EB1-887D-95807ABB379D}
	EndGlobalSection
EndGlobal
