
Microsoft Visual Studio Solution File, Format Version 12.00
# Visual Studio Version 17
VisualStudioVersion = 17.13.35825.156 d17.13
MinimumVisualStudioVersion = 10.0.40219.1
Project("{FAE04EC0-301F-11D3-BF4B-00C04F79EFBC}") = "Exercicio3For", "Exercicio3For\Exercicio3For.csproj", "{0510BCAB-264C-4512-9E45-A84FF0773DC3}"
EndProject
Global
	GlobalSection(SolutionConfigurationPlatforms) = preSolution
		Debug|Any CPU = Debug|Any CPU
		Release|Any CPU = Release|Any CPU
	EndGlobalSection
	GlobalSection(ProjectConfigurationPlatforms) = postSolution
		{0510BCAB-264C-4512-9E45-A84FF0773DC3}.Debug|Any CPU.ActiveCfg = Debug|Any CPU
		{0510BCAB-264C-4512-9E45-A84FF0773DC3}.Debug|Any CPU.Build.0 = Debug|Any CPU
		{0510BCAB-264C-4512-9E45-A84FF0773DC3}.Release|Any CPU.ActiveCfg = Release|Any CPU
		{0510BCAB-264C-4512-9E45-A84FF0773DC3}.Release|Any CPU.Build.0 = Release|Any CPU
	EndGlobalSection
	GlobalSection(SolutionProperties) = preSolution
		HideSolutionNode = FALSE
	EndGlobalSection
	GlobalSection(ExtensibilityGlobals) = postSolution
		SolutionGuid = {E667A010-7F74-45F4-B7C7-869BC41D480F}
	EndGlobalSection
EndGlobal
