
Microsoft Visual Studio Solution File, Format Version 12.00
# Visual Studio Version 17
VisualStudioVersion = 17.13.35825.156 d17.13
MinimumVisualStudioVersion = 10.0.40219.1
Project("{FAE04EC0-301F-11D3-BF4B-00C04F79EFBC}") = "jogarMais", "jogarMais\jogarMais.csproj", "{93E5B0F1-9D2D-4838-B79B-8E6A6622BF26}"
EndProject
Global
	GlobalSection(SolutionConfigurationPlatforms) = preSolution
		Debug|Any CPU = Debug|Any CPU
		Release|Any CPU = Release|Any CPU
	EndGlobalSection
	GlobalSection(ProjectConfigurationPlatforms) = postSolution
		{93E5B0F1-9D2D-4838-B79B-8E6A6622BF26}.Debug|Any CPU.ActiveCfg = Debug|Any CPU
		{93E5B0F1-9D2D-4838-B79B-8E6A6622BF26}.Debug|Any CPU.Build.0 = Debug|Any CPU
		{93E5B0F1-9D2D-4838-B79B-8E6A6622BF26}.Release|Any CPU.ActiveCfg = Release|Any CPU
		{93E5B0F1-9D2D-4838-B79B-8E6A6622BF26}.Release|Any CPU.Build.0 = Release|Any CPU
	EndGlobalSection
	GlobalSection(SolutionProperties) = preSolution
		HideSolutionNode = FALSE
	EndGlobalSection
	GlobalSection(ExtensibilityGlobals) = postSolution
		SolutionGuid = {814BF764-F404-4F64-BB9C-39DFB5910739}
	EndGlobalSection
EndGlobal
