
Microsoft Visual Studio Solution File, Format Version 12.00
# Visual Studio Version 17
VisualStudioVersion = 17.13.35825.156 d17.13
MinimumVisualStudioVersion = 10.0.40219.1
Project("{FAE04EC0-301F-11D3-BF4B-00C04F79EFBC}") = "Ref", "Ref\Ref.csproj", "{BFE13C11-9277-4B70-8DFD-00913183EFE1}"
EndProject
Global
	GlobalSection(SolutionConfigurationPlatforms) = preSolution
		Debug|Any CPU = Debug|Any CPU
		Release|Any CPU = Release|Any CPU
	EndGlobalSection
	GlobalSection(ProjectConfigurationPlatforms) = postSolution
		{BFE13C11-9277-4B70-8DFD-00913183EFE1}.Debug|Any CPU.ActiveCfg = Debug|Any CPU
		{BFE13C11-9277-4B70-8DFD-00913183EFE1}.Debug|Any CPU.Build.0 = Debug|Any CPU
		{BFE13C11-9277-4B70-8DFD-00913183EFE1}.Release|Any CPU.ActiveCfg = Release|Any CPU
		{BFE13C11-9277-4B70-8DFD-00913183EFE1}.Release|Any CPU.Build.0 = Release|Any CPU
	EndGlobalSection
	GlobalSection(SolutionProperties) = preSolution
		HideSolutionNode = FALSE
	EndGlobalSection
	GlobalSection(ExtensibilityGlobals) = postSolution
		SolutionGuid = {18B865A5-CA15-4024-8D9B-25A55F3E0346}
	EndGlobalSection
EndGlobal
